// !$*UTF8*$!
{
	archiveVersion = 1;
	classes = {
	};
	objectVersion = 46;
	objects = {

/* Begin PBXBuildFile section */
		0481784B1CB95D0A00438164 /* AppDelegate.swift in Sources */ = {isa = PBXBuildFile; fileRef = 0481784A1CB95D0A00438164 /* AppDelegate.swift */; };
		0481784E1CB95D0A00438164 /* petOpLibrary.xcdatamodeld in Sources */ = {isa = PBXBuildFile; fileRef = 0481784C1CB95D0A00438164 /* petOpLibrary.xcdatamodeld */; };
		048178501CB95D0A00438164 /* MasterViewController.swift in Sources */ = {isa = PBXBuildFile; fileRef = 0481784F1CB95D0A00438164 /* MasterViewController.swift */; };
		048178521CB95D0A00438164 /* DetailViewController.swift in Sources */ = {isa = PBXBuildFile; fileRef = 048178511CB95D0A00438164 /* DetailViewController.swift */; };
		048178551CB95D0A00438164 /* Main.storyboard in Resources */ = {isa = PBXBuildFile; fileRef = 048178531CB95D0A00438164 /* Main.storyboard */; };
		048178571CB95D0A00438164 /* Assets.xcassets in Resources */ = {isa = PBXBuildFile; fileRef = 048178561CB95D0A00438164 /* Assets.xcassets */; };
		0481785A1CB95D0A00438164 /* LaunchScreen.storyboard in Resources */ = {isa = PBXBuildFile; fileRef = 048178581CB95D0A00438164 /* LaunchScreen.storyboard */; };
/* End PBXBuildFile section */

/* Begin PBXFileReference section */
		048178471CB95D0A00438164 /* petOpLibrary.app */ = {isa = PBXFileReference; explicitFileType = wrapper.application; includeInIndex = 0; path = petOpLibrary.app; sourceTree = BUILT_PRODUCTS_DIR; };
		0481784A1CB95D0A00438164 /* AppDelegate.swift */ = {isa = PBXFileReference; lastKnownFileType = sourcecode.swift; path = AppDelegate.swift; sourceTree = "<group>"; };
		0481784D1CB95D0A00438164 /* petOpLibrary.xcdatamodel */ = {isa = PBXFileReference; lastKnownFileType = wrapper.xcdatamodel; path = petOpLibrary.xcdatamodel; sourceTree = "<group>"; };
		0481784F1CB95D0A00438164 /* MasterViewController.swift */ = {isa = PBXFileReference; lastKnownFileType = sourcecode.swift; path = MasterViewController.swift; sourceTree = "<group>"; };
		048178511CB95D0A00438164 /* DetailViewController.swift */ = {isa = PBXFileReference; lastKnownFileType = sourcecode.swift; path = DetailViewController.swift; sourceTree = "<group>"; };
		048178541CB95D0A00438164 /* Base */ = {isa = PBXFileReference; lastKnownFileType = file.storyboard; name = Base; path = Base.lproj/Main.storyboard; sourceTree = "<group>"; };
		048178561CB95D0A00438164 /* Assets.xcassets */ = {isa = PBXFileReference; lastKnownFileType = folder.assetcatalog; path = Assets.xcassets; sourceTree = "<group>"; };
		048178591CB95D0A00438164 /* Base */ = {isa = PBXFileReference; lastKnownFileType = file.storyboard; name = Base; path = Base.lproj/LaunchScreen.storyboard; sourceTree = "<group>"; };
		0481785B1CB95D0A00438164 /* Info.plist */ = {isa = PBXFileReference; lastKnownFileType = text.plist.xml; path = Info.plist; sourceTree = "<group>"; };
/* End PBXFileReference section */

/* Begin PBXFrameworksBuildPhase section */
		048178441CB95D0A00438164 /* Frameworks */ = {
			isa = PBXFrameworksBuildPhase;
			buildActionMask = 2147483647;
			files = (
			);
			runOnlyForDeploymentPostprocessing = 0;
		};
/* End PBXFrameworksBuildPhase section */

/* Begin PBXGroup section */
		0481783E1CB95D0A00438164 = {
			isa = PBXGroup;
			children = (
				048178491CB95D0A00438164 /* petOpLibrary */,
				048178481CB95D0A00438164 /* Products */,
			);
			sourceTree = "<group>";
		};
		048178481CB95D0A00438164 /* Products */ = {
			isa = PBXGroup;
			children = (
				048178471CB95D0A00438164 /* petOpLibrary.app */,
			);
			name = Products;
			sourceTree = "<group>";
		};
		048178491CB95D0A00438164 /* petOpLibrary */ = {
			isa = PBXGroup;
			children = (
				0481784A1CB95D0A00438164 /* AppDelegate.swift */,
				0481784F1CB95D0A00438164 /* MasterViewController.swift */,
				048178511CB95D0A00438164 /* DetailViewController.swift */,
				048178531CB95D0A00438164 /* Main.storyboard */,
				048178561CB95D0A00438164 /* Assets.xcassets */,
				048178581CB95D0A00438164 /* LaunchScreen.storyboard */,
				0481785B1CB95D0A00438164 /* Info.plist */,
				0481784C1CB95D0A00438164 /* petOpLibrary.xcdatamodeld */,
			);
			path = petOpLibrary;
			sourceTree = "<group>";
		};
/* End PBXGroup section */

/* Begin PBXNativeTarget section */
		048178461CB95D0A00438164 /* petOpLibrary */ = {
			isa = PBXNativeTarget;
			buildConfigurationList = 0481785E1CB95D0A00438164 /* Build configuration list for PBXNativeTarget "petOpLibrary" */;
			buildPhases = (
				048178431CB95D0A00438164 /* Sources */,
				048178441CB95D0A00438164 /* Frameworks */,
				048178451CB95D0A00438164 /* Resources */,
			);
			buildRules = (
			);
			dependencies = (
			);
			name = petOpLibrary;
			productName = petOpLibrary;
			productReference = 048178471CB95D0A00438164 /* petOpLibrary.app */;
			productType = "com.apple.product-type.application";
		};
/* End PBXNativeTarget section */

/* Begin PBXProject section */
		0481783F1CB95D0A00438164 /* Project object */ = {
			isa = PBXProject;
			attributes = {
				LastSwiftUpdateCheck = 0720;
				LastUpgradeCheck = 0720;
				ORGANIZATIONNAME = "Juan Sebastian Castro";
				TargetAttributes = {
					048178461CB95D0A00438164 = {
						CreatedOnToolsVersion = 7.2.1;
					};
				};
			};
			buildConfigurationList = 048178421CB95D0A00438164 /* Build configuration list for PBXProject "petOpLibrary" */;
			compatibilityVersion = "Xcode 3.2";
			developmentRegion = English;
			hasScannedForEncodings = 0;
			knownRegions = (
				en,
				Base,
			);
			mainGroup = 0481783E1CB95D0A00438164;
			productRefGroup = 048178481CB95D0A00438164 /* Products */;
			projectDirPath = "";
			projectRoot = "";
			targets = (
				048178461CB95D0A00438164 /* petOpLibrary */,
			);
		};
/* End PBXProject section */

/* Begin PBXResourcesBuildPhase section */
		048178451CB95D0A00438164 /* Resources */ = {
			isa = PBXResourcesBuildPhase;
			buildActionMask = 2147483647;
			files = (
				0481785A1CB95D0A00438164 /* LaunchScreen.storyboard in Resources */,
				048178571CB95D0A00438164 /* Assets.xcassets in Resources */,
				048178551CB95D0A00438164 /* Main.storyboard in Resources */,
			);
			runOnlyForDeploymentPostprocessing = 0;
		};
/* End PBXResourcesBuildPhase section */

/* Begin PBXSourcesBuildPhase section */
		048178431CB95D0A00438164 /* Sources */ = {
			isa = PBXSourcesBuildPhase;
			buildActionMask = 2147483647;
			files = (
				0481784E1CB95D0A00438164 /* petOpLibrary.xcdatamodeld in Sources */,
				0481784B1CB95D0A00438164 /* AppDelegate.swift in Sources */,
				048178501CB95D0A00438164 /* MasterViewController.swift in Sources */,
				048178521CB95D0A00438164 /* DetailViewController.swift in Sources */,
			);
			runOnlyForDeploymentPostprocessing = 0;
		};
/* End PBXSourcesBuildPhase section */

/* Begin PBXVariantGroup section */
		048178531CB95D0A00438164 /* Main.storyboard */ = {
			isa = PBXVariantGroup;
			children = (
				048178541CB95D0A00438164 /* Base */,
			);
			name = Main.storyboard;
			sourceTree = "<group>";
		};
		048178581CB95D0A00438164 /* LaunchScreen.storyboard */ = {
			isa = PBXVariantGroup;
			children = (
				048178591CB95D0A00438164 /* Base */,
			);
			name = LaunchScreen.storyboard;
			sourceTree = "<group>";
		};
/* End PBXVariantGroup section */

/* Begin XCBuildConfiguration section */
		0481785C1CB95D0A00438164 /* Debug */ = {
			isa = XCBuildConfiguration;
			buildSettings = {
				ALWAYS_SEARCH_USER_PATHS = NO;
				CLANG_CXX_LANGUAGE_STANDARD = "gnu++0x";
				CLANG_CXX_LIBRARY = "libc++";
				CLANG_ENABLE_MODULES = YES;
				CLANG_ENABLE_OBJC_ARC = YES;
				CLANG_WARN_BOOL_CONVERSION = YES;
				CLANG_WARN_CONSTANT_CONVERSION = YES;
				CLANG_WARN_DIRECT_OBJC_ISA_USAGE = YES_ERROR;
				CLANG_WARN_EMPTY_BODY = YES;
				CLANG_WARN_ENUM_CONVERSION = YES;
				CLANG_WARN_INT_CONVERSION = YES;
				CLANG_WARN_OBJC_ROOT_CLASS = YES_ERROR;
				CLANG_WARN_UNREACHABLE_CODE = YES;
				CLANG_WARN__DUPLICATE_METHOD_MATCH = YES;
				"CODE_SIGN_IDENTITY[sdk=iphoneos*]" = "iPhone Developer";
				COPY_PHASE_STRIP = NO;
				DEBUG_INFORMATION_FORMAT = dwarf;
				ENABLE_STRICT_OBJC_MSGSEND = YES;
				ENABLE_TESTABILITY = YES;
				GCC_C_LANGUAGE_STANDARD = gnu99;
				GCC_DYNAMIC_NO_PIC = NO;
				GCC_NO_COMMON_BLOCKS = YES;
				GCC_OPTIMIZATION_LEVEL = 0;
				GCC_PREPROCESSOR_DEFINITIONS = (
					"DEBUG=1",
					"$(inherited)",
				);
				GCC_WARN_64_TO_32_BIT_CONVERSION = YES;
				GCC_WARN_ABOUT_RETURN_TYPE = YES_ERROR;
				GCC_WARN_UNDECLARED_SELECTOR = YES;
				GCC_WARN_UNINITIALIZED_AUTOS = YES_AGGRESSIVE;
				GCC_WARN_UNUSED_FUNCTION = YES;
				GCC_WARN_UNUSED_VARIABLE = YES;
				IPHONEOS_DEPLOYMENT_TARGET = 9.2;
				MTL_ENABLE_DEBUG_INFO = YES;
				ONLY_ACTIVE_ARCH = YES;
				SDKROOT = iphoneos;
				SWIFT_OPTIMIZATION_LEVEL = "-Onone";
			};
			name = Debug;
		};
		0481785D1CB95D0A00438164 /* Release */ = {
			isa = XCBuildConfiguration;
			buildSettings = {
				ALWAYS_SEARCH_USER_PATHS = NO;
				CLANG_CXX_LANGUAGE_STANDARD = "gnu++0x";
				CLANG_CXX_LIBRARY = "libc++";
				CLANG_ENABLE_MODULES = YES;
				CLANG_ENABLE_OBJC_ARC = YES;
				CLANG_WARN_BOOL_CONVERSION = YES;
				CLANG_WARN_CONSTANT_CONVERSION = YES;
				CLANG_WARN_DIRECT_OBJC_ISA_USAGE = YES_ERROR;
				CLANG_WARN_EMPTY_BODY = YES;
				CLANG_WARN_ENUM_CONVERSION = YES;
				CLANG_WARN_INT_CONVERSION = YES;
				CLANG_WARN_OBJC_ROOT_CLASS = YES_ERROR;
				CLANG_WARN_UNREACHABLE_CODE = YES;
				CLANG_WARN__DUPLICATE_METHOD_MATCH = YES;
				"CODE_SIGN_IDENTITY[sdk=iphoneos*]" = "iPhone Developer";
				COPY_PHASE_STRIP = NO;
				DEBUG_INFORMATION_FORMAT = "dwarf-with-dsym";
				ENABLE_NS_ASSERTIONS = NO;
				ENABLE_STRICT_OBJC_MSGSEND = YES;
				GCC_C_LANGUAGE_STANDARD = gnu99;
				GCC_NO_COMMON_BLOCKS = YES;
				GCC_WARN_64_TO_32_BIT_CONVERSION = YES;
				GCC_WARN_ABOUT_RETURN_TYPE = YES_ERROR;
				GCC_WARN_UNDECLARED_SELECTOR = YES;
				GCC_WARN_UNINITIALIZED_AUTOS = YES_AGGRESSIVE;
				GCC_WARN_UNUSED_FUNCTION = YES;
				GCC_WARN_UNUSED_VARIABLE = YES;
				IPHONEOS_DEPLOYMENT_TARGET = 9.2;
				MTL_ENABLE_DEBUG_INFO = NO;
				SDKROOT = iphoneos;
				VALIDATE_PRODUCT = YES;
			};
			name = Release;
		};
		0481785F1CB95D0A00438164 /* Debug */ = {
			isa = XCBuildConfiguration;
			buildSettings = {
				ASSETCATALOG_COMPILER_APPICON_NAME = AppIcon;
				INFOPLIST_FILE = petOpLibrary/Info.plist;
				LD_RUNPATH_SEARCH_PATHS = "$(inherited) @executable_path/Frameworks";
				PRODUCT_BUNDLE_IDENTIFIER = co.JuanSebastianCastro.petOpLibrary;
				PRODUCT_NAME = "$(TARGET_NAME)";
			};
			name = Debug;
		};
		048178601CB95D0A00438164 /* Release */ = {
			isa = XCBuildConfiguration;
			buildSettings = {
				ASSETCATALOG_COMPILER_APPICON_NAME = AppIcon;
				INFOPLIST_FILE = petOpLibrary/Info.plist;
				LD_RUNPATH_SEARCH_PATHS = "$(inherited) @executable_path/Frameworks";
				PRODUCT_BUNDLE_IDENTIFIER = co.JuanSebastianCastro.petOpLibrary;
				PRODUCT_NAME = "$(TARGET_NAME)";
			};
			name = Release;
		};
/* End XCBuildConfiguration section */

/* Begin XCConfigurationList section */
		048178421CB95D0A00438164 /* Build configuration list for PBXProject "petOpLibrary" */ = {
			isa = XCConfigurationList;
			buildConfigurations = (
				0481785C1CB95D0A00438164 /* Debug */,
				0481785D1CB95D0A00438164 /* Release */,
			);
			defaultConfigurationIsVisible = 0;
			defaultConfigurationName = Release;
		};
		0481785E1CB95D0A00438164 /* Build configuration list for PBXNativeTarget "petOpLibrary" */ = {
			isa = XCConfigurationList;
			buildConfigurations = (
				0481785F1CB95D0A00438164 /* Debug */,
				048178601CB95D0A00438164 /* Release */,
			);
			defaultConfigurationIsVisible = 0;
		};
/* End XCConfigurationList section */

/* Begin XCVersionGroup section */
		0481784C1CB95D0A00438164 /* petOpLibrary.xcdatamodeld */ = {
			isa = XCVersionGroup;
			children = (
				0481784D1CB95D0A00438164 /* petOpLibrary.xcdatamodel */,
			);
			currentVersion = 0481784D1CB95D0A00438164 /* petOpLibrary.xcdatamodel */;
			path = petOpLibrary.xcdatamodeld;
			sourceTree = "<group>";
			versionGroupType = wrapper.xcdatamodel;
		};
/* End XCVersionGroup section */
	};
	rootObject = 0481783F1CB95D0A00438164 /* Project object */;
}
